
Microsoft Visual Studio Solution File, Format Version 12.00
# Visual Studio 2012
Project("{FAE04EC0-301F-11D3-BF4B-00C04F79EFBC}") = "WrapperTest", "WrapperTest\WrapperTest.csproj", "{EDBF1FA4-5BBF-48D7-980E-573C3E30BEAB}"
	ProjectSection(ProjectDependencies) = postProject
		{16FB4CFE-67C4-44FB-8DB0-C90997CDF1CF} = {16FB4CFE-67C4-44FB-8DB0-C90997CDF1CF}
	EndProjectSection
EndProject
Project("{8BC9CEB8-8B4A-11D0-8D11-00A0C91BC942}") = "EigenWrapper_CppCLI", "EigenWrapper_CppCLI\EigenWrapper_CppCLI.vcxproj", "{16FB4CFE-67C4-44FB-8DB0-C90997CDF1CF}"
EndProject
Project("{8BC9CEB8-8B4A-11D0-8D11-00A0C91BC942}") = "NativeEigenWrapper", "NativeEigenWrapper\NativeEigenWrapper.vcxproj", "{091D573B-929F-48AE-AFA3-EE1BDB89A03D}"
EndProject
Project("{FAE04EC0-301F-11D3-BF4B-00C04F79EFBC}") = "EigenWrapper", "EigenWrapper\EigenWrapper.csproj", "{6E2A0C5A-3662-4635-B8A1-985F8A39F5F5}"
EndProject
Global
	GlobalSection(SolutionConfigurationPlatforms) = preSolution
		Debug|x64 = Debug|x64
		Debug|x86 = Debug|x86
		Release|x64 = Release|x64
		Release|x86 = Release|x86
	EndGlobalSection
	GlobalSection(ProjectConfigurationPlatforms) = postSolution
		{EDBF1FA4-5BBF-48D7-980E-573C3E30BEAB}.Debug|x64.ActiveCfg = Debug|x64
		{EDBF1FA4-5BBF-48D7-980E-573C3E30BEAB}.Debug|x64.Build.0 = Debug|x64
		{EDBF1FA4-5BBF-48D7-980E-573C3E30BEAB}.Debug|x86.ActiveCfg = Debug|x86
		{EDBF1FA4-5BBF-48D7-980E-573C3E30BEAB}.Debug|x86.Build.0 = Debug|x86
		{EDBF1FA4-5BBF-48D7-980E-573C3E30BEAB}.Release|x64.ActiveCfg = Release|x64
		{EDBF1FA4-5BBF-48D7-980E-573C3E30BEAB}.Release|x64.Build.0 = Release|x64
		{EDBF1FA4-5BBF-48D7-980E-573C3E30BEAB}.Release|x86.ActiveCfg = Release|x86
		{EDBF1FA4-5BBF-48D7-980E-573C3E30BEAB}.Release|x86.Build.0 = Release|x86
		{16FB4CFE-67C4-44FB-8DB0-C90997CDF1CF}.Debug|x64.ActiveCfg = Debug|x64
		{16FB4CFE-67C4-44FB-8DB0-C90997CDF1CF}.Debug|x64.Build.0 = Debug|x64
		{16FB4CFE-67C4-44FB-8DB0-C90997CDF1CF}.Debug|x86.ActiveCfg = Debug|Win32
		{16FB4CFE-67C4-44FB-8DB0-C90997CDF1CF}.Debug|x86.Build.0 = Debug|Win32
		{16FB4CFE-67C4-44FB-8DB0-C90997CDF1CF}.Release|x64.ActiveCfg = Release|x64
		{16FB4CFE-67C4-44FB-8DB0-C90997CDF1CF}.Release|x64.Build.0 = Release|x64
		{16FB4CFE-67C4-44FB-8DB0-C90997CDF1CF}.Release|x86.ActiveCfg = Release|Win32
		{16FB4CFE-67C4-44FB-8DB0-C90997CDF1CF}.Release|x86.Build.0 = Release|Win32
		{091D573B-929F-48AE-AFA3-EE1BDB89A03D}.Debug|x64.ActiveCfg = Debug|x64
		{091D573B-929F-48AE-AFA3-EE1BDB89A03D}.Debug|x64.Build.0 = Debug|x64
		{091D573B-929F-48AE-AFA3-EE1BDB89A03D}.Debug|x86.ActiveCfg = Debug|Win32
		{091D573B-929F-48AE-AFA3-EE1BDB89A03D}.Debug|x86.Build.0 = Debug|Win32
		{091D573B-929F-48AE-AFA3-EE1BDB89A03D}.Release|x64.ActiveCfg = Release|x64
		{091D573B-929F-48AE-AFA3-EE1BDB89A03D}.Release|x64.Build.0 = Release|x64
		{091D573B-929F-48AE-AFA3-EE1BDB89A03D}.Release|x86.ActiveCfg = Release|Win32
		{091D573B-929F-48AE-AFA3-EE1BDB89A03D}.Release|x86.Build.0 = Release|Win32
		{6E2A0C5A-3662-4635-B8A1-985F8A39F5F5}.Debug|x64.ActiveCfg = Debug|x64
		{6E2A0C5A-3662-4635-B8A1-985F8A39F5F5}.Debug|x64.Build.0 = Debug|x64
		{6E2A0C5A-3662-4635-B8A1-985F8A39F5F5}.Debug|x86.ActiveCfg = Debug|x86
		{6E2A0C5A-3662-4635-B8A1-985F8A39F5F5}.Debug|x86.Build.0 = Debug|x86
		{6E2A0C5A-3662-4635-B8A1-985F8A39F5F5}.Release|x64.ActiveCfg = Release|x64
		{6E2A0C5A-3662-4635-B8A1-985F8A39F5F5}.Release|x64.Build.0 = Release|x64
		{6E2A0C5A-3662-4635-B8A1-985F8A39F5F5}.Release|x86.ActiveCfg = Release|x86
		{6E2A0C5A-3662-4635-B8A1-985F8A39F5F5}.Release|x86.Build.0 = Release|x86
	EndGlobalSection
	GlobalSection(SolutionProperties) = preSolution
		HideSolutionNode = FALSE
	EndGlobalSection
EndGlobal
